
Microsoft Visual Studio Solution File, Format Version 12.00
# Visual Studio 15
VisualStudioVersion = 15.0.28307.168
MinimumVisualStudioVersion = 10.0.40219.1
Project("{FAE04EC0-301F-11D3-BF4B-00C04F79EFBC}") = "MVC_CRUD_ADO", "MVC_CRUD_ADO\MVC_CRUD_ADO.csproj", "{F88C8BD6-B071-4ED8-9AF4-407D2DAD7DC0}"
EndProject
Project("{FAE04EC0-301F-11D3-BF4B-00C04F79EFBC}") = "Domain", "Domain\Domain.csproj", "{6D2EE7A7-2E90-4AF9-8151-36ED070EE6E2}"
EndProject
Project("{FAE04EC0-301F-11D3-BF4B-00C04F79EFBC}") = "Infrastructure", "Infrastructure\Infrastructure.csproj", "{1CA66B10-3F14-4041-9E56-51BEA0C930C3}"
EndProject
Project("{FAE04EC0-301F-11D3-BF4B-00C04F79EFBC}") = "Service", "Service\Service.csproj", "{57E085D4-3BF6-4CFF-8409-6E3D2D04F53E}"
EndProject
Global
	GlobalSection(SolutionConfigurationPlatforms) = preSolution
		Debug|Any CPU = Debug|Any CPU
		Release|Any CPU = Release|Any CPU
	EndGlobalSection
	GlobalSection(ProjectConfigurationPlatforms) = postSolution
		{F88C8BD6-B071-4ED8-9AF4-407D2DAD7DC0}.Debug|Any CPU.ActiveCfg = Debug|Any CPU
		{F88C8BD6-B071-4ED8-9AF4-407D2DAD7DC0}.Debug|Any CPU.Build.0 = Debug|Any CPU
		{F88C8BD6-B071-4ED8-9AF4-407D2DAD7DC0}.Release|Any CPU.ActiveCfg = Release|Any CPU
		{F88C8BD6-B071-4ED8-9AF4-407D2DAD7DC0}.Release|Any CPU.Build.0 = Release|Any CPU
		{6D2EE7A7-2E90-4AF9-8151-36ED070EE6E2}.Debug|Any CPU.ActiveCfg = Debug|Any CPU
		{6D2EE7A7-2E90-4AF9-8151-36ED070EE6E2}.Debug|Any CPU.Build.0 = Debug|Any CPU
		{6D2EE7A7-2E90-4AF9-8151-36ED070EE6E2}.Release|Any CPU.ActiveCfg = Release|Any CPU
		{6D2EE7A7-2E90-4AF9-8151-36ED070EE6E2}.Release|Any CPU.Build.0 = Release|Any CPU
		{1CA66B10-3F14-4041-9E56-51BEA0C930C3}.Debug|Any CPU.ActiveCfg = Debug|Any CPU
		{1CA66B10-3F14-4041-9E56-51BEA0C930C3}.Debug|Any CPU.Build.0 = Debug|Any CPU
		{1CA66B10-3F14-4041-9E56-51BEA0C930C3}.Release|Any CPU.ActiveCfg = Release|Any CPU
		{1CA66B10-3F14-4041-9E56-51BEA0C930C3}.Release|Any CPU.Build.0 = Release|Any CPU
		{57E085D4-3BF6-4CFF-8409-6E3D2D04F53E}.Debug|Any CPU.ActiveCfg = Debug|Any CPU
		{57E085D4-3BF6-4CFF-8409-6E3D2D04F53E}.Debug|Any CPU.Build.0 = Debug|Any CPU
		{57E085D4-3BF6-4CFF-8409-6E3D2D04F53E}.Release|Any CPU.ActiveCfg = Release|Any CPU
		{57E085D4-3BF6-4CFF-8409-6E3D2D04F53E}.Release|Any CPU.Build.0 = Release|Any CPU
	EndGlobalSection
	GlobalSection(SolutionProperties) = preSolution
		HideSolutionNode = FALSE
	EndGlobalSection
	GlobalSection(ExtensibilityGlobals) = postSolution
		SolutionGuid = {A274215F-A2F1-494D-A89E-28EA4A8BEF0A}
	EndGlobalSection
EndGlobal
